#MicroXplorer Configuration settings - do not modify
CAD.formats=
CAD.pinconfig=
CAD.provider=
CORTEX_M7.AccessPermission_S-Cortex_Memory_Protection_Unit_Region1_Settings_S=MPU_REGION_FULL_ACCESS
CORTEX_M7.AccessPermission_S-Cortex_Memory_Protection_Unit_Region2_Settings_S=MPU_REGION_FULL_ACCESS
CORTEX_M7.AccessPermission_Spec=MPU_REGION_NO_ACCESS
CORTEX_M7.BaseAddress_S-Cortex_Memory_Protection_Unit_Region1_Settings_S=0x30020000
CORTEX_M7.BaseAddress_S-Cortex_Memory_Protection_Unit_Region2_Settings_S=0x30040000
CORTEX_M7.BaseAddress_Spec=0x0
CORTEX_M7.CPU_DCache=Enabled
CORTEX_M7.CPU_ICache=Enabled
CORTEX_M7.DisableExec_S-Cortex_Memory_Protection_Unit_Region1_Settings_S=MPU_INSTRUCTION_ACCESS_DISABLE
CORTEX_M7.DisableExec_S-Cortex_Memory_Protection_Unit_Region2_Settings_S=MPU_INSTRUCTION_ACCESS_DISABLE
CORTEX_M7.DisableExec_Spec=MPU_INSTRUCTION_ACCESS_DISABLE
CORTEX_M7.Enable_S-Cortex_Memory_Protection_Unit_Region10_Settings_S=__NULL
CORTEX_M7.Enable_S-Cortex_Memory_Protection_Unit_Region11_Settings_S=__NULL
CORTEX_M7.Enable_S-Cortex_Memory_Protection_Unit_Region12_Settings_S=__NULL
CORTEX_M7.Enable_S-Cortex_Memory_Protection_Unit_Region13_Settings_S=__NULL
CORTEX_M7.Enable_S-Cortex_Memory_Protection_Unit_Region14_Settings_S=__NULL
CORTEX_M7.Enable_S-Cortex_Memory_Protection_Unit_Region15_Settings_S=__NULL
CORTEX_M7.Enable_S-Cortex_Memory_Protection_Unit_Region1_Settings_S=MPU_REGION_ENABLE
CORTEX_M7.Enable_S-Cortex_Memory_Protection_Unit_Region2_Settings_S=MPU_REGION_ENABLE
CORTEX_M7.Enable_S-Cortex_Memory_Protection_Unit_Region3_Settings_S=__NULL
CORTEX_M7.Enable_S-Cortex_Memory_Protection_Unit_Region4_Settings_S=__NULL
CORTEX_M7.Enable_S-Cortex_Memory_Protection_Unit_Region5_Settings_S=__NULL
CORTEX_M7.Enable_S-Cortex_Memory_Protection_Unit_Region6_Settings_S=__NULL
CORTEX_M7.Enable_S-Cortex_Memory_Protection_Unit_Region7_Settings_S=__NULL
CORTEX_M7.Enable_S-Cortex_Memory_Protection_Unit_Region8_Settings_S=__NULL
CORTEX_M7.Enable_S-Cortex_Memory_Protection_Unit_Region9_Settings_S=__NULL
CORTEX_M7.Enable_Spec=MPU_REGION_ENABLE
CORTEX_M7.IPParameters=default_mode_Activation,CPU_ICache,CPU_DCache,MPU_Control,Enable_Spec,BaseAddress_Spec,Size_Spec,SubRegionDisable_Spec,TypeExtField_Spec,AccessPermission_Spec,DisableExec_Spec,IsShareable_Spec,IsCacheable_Spec,IsBufferable_Spec,Enable_S-Cortex_Memory_Protection_Unit_Region1_Settings_S,BaseAddress_S-Cortex_Memory_Protection_Unit_Region1_Settings_S,Size_S-Cortex_Memory_Protection_Unit_Region1_Settings_S,SubRegionDisable_S-Cortex_Memory_Protection_Unit_Region1_Settings_S,TypeExtField_S-Cortex_Memory_Protection_Unit_Region1_Settings_S,AccessPermission_S-Cortex_Memory_Protection_Unit_Region1_Settings_S,DisableExec_S-Cortex_Memory_Protection_Unit_Region1_Settings_S,IsShareable_S-Cortex_Memory_Protection_Unit_Region1_Settings_S,IsCacheable_S-Cortex_Memory_Protection_Unit_Region1_Settings_S,IsBufferable_S-Cortex_Memory_Protection_Unit_Region1_Settings_S,Enable_S-Cortex_Memory_Protection_Unit_Region2_Settings_S,BaseAddress_S-Cortex_Memory_Protection_Unit_Region2_Settings_S,Size_S-Cortex_Memory_Protection_Unit_Region2_Settings_S,SubRegionDisable_S-Cortex_Memory_Protection_Unit_Region2_Settings_S,TypeExtField_S-Cortex_Memory_Protection_Unit_Region2_Settings_S,AccessPermission_S-Cortex_Memory_Protection_Unit_Region2_Settings_S,DisableExec_S-Cortex_Memory_Protection_Unit_Region2_Settings_S,IsShareable_S-Cortex_Memory_Protection_Unit_Region2_Settings_S,IsCacheable_S-Cortex_Memory_Protection_Unit_Region2_Settings_S,IsBufferable_S-Cortex_Memory_Protection_Unit_Region2_Settings_S,Enable_S-Cortex_Memory_Protection_Unit_Region3_Settings_S,Enable_S-Cortex_Memory_Protection_Unit_Region4_Settings_S,Enable_S-Cortex_Memory_Protection_Unit_Region5_Settings_S,Enable_S-Cortex_Memory_Protection_Unit_Region6_Settings_S,Enable_S-Cortex_Memory_Protection_Unit_Region7_Settings_S,Enable_S-Cortex_Memory_Protection_Unit_Region8_Settings_S,Enable_S-Cortex_Memory_Protection_Unit_Region9_Settings_S,Enable_S-Cortex_Memory_Protection_Unit_Region10_Settings_S,Enable_S-Cortex_Memory_Protection_Unit_Region11_Settings_S,Enable_S-Cortex_Memory_Protection_Unit_Region12_Settings_S,Enable_S-Cortex_Memory_Protection_Unit_Region13_Settings_S,Enable_S-Cortex_Memory_Protection_Unit_Region14_Settings_S,Enable_S-Cortex_Memory_Protection_Unit_Region15_Settings_S
CORTEX_M7.IsBufferable_S-Cortex_Memory_Protection_Unit_Region1_Settings_S=MPU_ACCESS_NOT_BUFFERABLE
CORTEX_M7.IsBufferable_S-Cortex_Memory_Protection_Unit_Region2_Settings_S=MPU_ACCESS_BUFFERABLE
CORTEX_M7.IsBufferable_Spec=MPU_ACCESS_NOT_BUFFERABLE
CORTEX_M7.IsCacheable_S-Cortex_Memory_Protection_Unit_Region1_Settings_S=MPU_ACCESS_NOT_CACHEABLE
CORTEX_M7.IsCacheable_S-Cortex_Memory_Protection_Unit_Region2_Settings_S=MPU_ACCESS_NOT_CACHEABLE
CORTEX_M7.IsCacheable_Spec=MPU_ACCESS_NOT_CACHEABLE
CORTEX_M7.IsShareable_S-Cortex_Memory_Protection_Unit_Region1_Settings_S=MPU_ACCESS_NOT_SHAREABLE
CORTEX_M7.IsShareable_S-Cortex_Memory_Protection_Unit_Region2_Settings_S=MPU_ACCESS_SHAREABLE
CORTEX_M7.IsShareable_Spec=MPU_ACCESS_SHAREABLE
CORTEX_M7.MPU_Control=MPU_PRIVILEGED_DEFAULT
CORTEX_M7.Size_S-Cortex_Memory_Protection_Unit_Region1_Settings_S=MPU_REGION_SIZE_128KB
CORTEX_M7.Size_S-Cortex_Memory_Protection_Unit_Region2_Settings_S=MPU_REGION_SIZE_512B
CORTEX_M7.Size_Spec=MPU_REGION_SIZE_4GB
CORTEX_M7.SubRegionDisable_S-Cortex_Memory_Protection_Unit_Region1_Settings_S=0x0
CORTEX_M7.SubRegionDisable_S-Cortex_Memory_Protection_Unit_Region2_Settings_S=0x0
CORTEX_M7.SubRegionDisable_Spec=0x87
CORTEX_M7.TypeExtField_S-Cortex_Memory_Protection_Unit_Region1_Settings_S=MPU_TEX_LEVEL1
CORTEX_M7.TypeExtField_S-Cortex_Memory_Protection_Unit_Region2_Settings_S=MPU_TEX_LEVEL0
CORTEX_M7.TypeExtField_Spec=MPU_TEX_LEVEL0
CORTEX_M7.default_mode_Activation=1
ETH.ETH_RX_DESC_CNT=4
ETH.ETH_TX_DESC_CNT=4
ETH.IPParameters=MACAddr,ETH_TX_DESC_CNT,TxDescAddress,ETH_RX_DESC_CNT,RxDescAddress,RxBufferAddress,RxBuffLen,MediaInterface
ETH.MACAddr=00\:80\:E1\:00\:00\:00
ETH.MediaInterface=HAL_ETH_RMII_MODE
ETH.RxBuffLen=1536
ETH.RxBufferAddress=0x30040200
ETH.RxDescAddress=0x30040000
ETH.TxDescAddress=0x30040060
File.Version=6
GPIO.groupedBy=
KeepUserPlacement=false
LWIP.API_LIB_DEBUG=LWIP_DBG_OFF
LWIP.API_MSG_DEBUG=LWIP_DBG_OFF
LWIP.ARP_MAXAGE=300
LWIP.ARP_QUEUEING=0
LWIP.ARP_QUEUE_LEN=3
LWIP.ARP_TABLE_SIZE=10
LWIP.AUTOIP_DEBUG=LWIP_DBG_OFF
LWIP.BSP.number=1
LWIP.CBCP_SUPPORT=0
LWIP.CCP_SUPPORT=0
LWIP.CHAP_DEFTIMEOUT=6
LWIP.CHAP_DEFTRANSMITS=10
LWIP.CHAP_SUPPORT=0
LWIP.CHECKSUM_BY_HARDWARE=1
LWIP.CHECKSUM_CHECK_ICMP=1
LWIP.CHECKSUM_CHECK_ICMP6=0
LWIP.CHECKSUM_CHECK_IP=0
LWIP.CHECKSUM_CHECK_TCP=0
LWIP.CHECKSUM_CHECK_UDP=0
LWIP.CHECKSUM_GEN_ICMP=1
LWIP.CHECKSUM_GEN_ICMP6=0
LWIP.CHECKSUM_GEN_IP=0
LWIP.CHECKSUM_GEN_TCP=0
LWIP.CHECKSUM_GEN_UDP=0
LWIP.CMSIS_VERSION-Enabled=1
LWIP.DEFAULT_ACCEPTMBOX_SIZE=6
LWIP.DEFAULT_RAW_RECVMBOX_SIZE=0
LWIP.DEFAULT_TCP_RECVMBOX_SIZE=6
LWIP.DEFAULT_THREAD_NAME="lwIP"
LWIP.DEFAULT_THREAD_PRIO=3
LWIP.DEFAULT_THREAD_STACKSIZE=1024
LWIP.DEFAULT_UDP_RECVMBOX_SIZE=6
LWIP.DEMAND_SUPPORT=0
LWIP.DHCP6_DEBUG=LWIP_DBG_OFF
LWIP.DHCP_DEBUG=LWIP_DBG_OFF
LWIP.DHCP_DOES_ARP_CHECK=1
LWIP.DNS_DEBUG=LWIP_DBG_OFF
LWIP.DNS_DOES_NAME_CHECK=1
LWIP.DNS_LOCAL_HOSTLIST=0
LWIP.DNS_LOCAL_HOSTLIST_IS_DYNAMIC=0
LWIP.DNS_MAX_NAME_LENGTH=256
LWIP.DNS_MAX_RETRIES=4
LWIP.DNS_MAX_SERVERS=2
LWIP.DNS_TABLE_SIZE=4
LWIP.EAP_DEFALLOWREQ=10
LWIP.EAP_DEFREQTIME=6
LWIP.EAP_SUPPORT=0
LWIP.ECP_SUPPORT=0
LWIP.ETHARP_DEBUG=LWIP_DBG_OFF
LWIP.ETHARP_STATS=0
LWIP.ETHARP_SUPPORT_STATIC_ENTRIES=0
LWIP.ETHARP_SUPPORT_VLAN=0
LWIP.ETHARP_TABLE_MATCH_NETIF=1
LWIP.ETH_PAD_SIZE=0
LWIP.ETH_RX_BUFFER_CNT=10
LWIP.FSM_DEFMAXCONFREQS=10
LWIP.FSM_DEFMAXNAKLOOPS=5
LWIP.FSM_DEFMAXTERMREQS=2
LWIP.FSM_DEFTIMEOUT=6
LWIP.HTTPD_DEBUG=LWIP_DBG_OFF
LWIP.HTTPD_DEBUG_TIMING=LWIP_DBG_OFF
LWIP.ICMP6_STATS=0
LWIP.ICMP_DEBUG=LWIP_DBG_OFF
LWIP.ICMP_STATS=0
LWIP.ICMP_TTL=255
LWIP.IGMP_DEBUG=LWIP_DBG_OFF
LWIP.IGMP_STATS=0
LWIP.INET_DEBUG=LWIP_DBG_OFF
LWIP.IP6_DEBUG=LWIP_DBG_OFF
LWIP.IP6_FRAG_STATS=0
LWIP.IP6_STATS=0
LWIP.IPFRAG_STATS=0
LWIP.IPParameters=LWIP_RAM_HEAP_POINTER,MEM_SIZE,ETH_RX_BUFFER_CNT,CMSIS_VERSION-Enabled,LWIP_DHCP,LWIP_ICMP,LWIP_IGMP,LWIP_DNS,LWIP_UDP,MEMP_NUM_UDP_PCB,LWIP_TCP,MEMP_NUM_TCP_PCB,NO_SYS,LWIP_TIMERS,LWIP_TIMERS_CUSTOM,MEMCPY(dst,src,len),SMEMCPY(dst,src,len),MEMMOVE(dst,src,len),LWIP_MPU_COMPATIBLE,LWIP_TCPIP_CORE_LOCKING,LWIP_TCPIP_CORE_LOCKING_INPUT,SYS_LIGHTWEIGHT_PROT,MEM_LIBC_MALLOC,MEMP_MEM_MALLOC,MEMP_MEM_INIT,MEM_ALIGNMENT,MEMP_OVERFLOW_CHECK,MEMP_SANITY_CHECK,MEM_OVERFLOW_CHECK,MEM_SANITY_CHECK,MEM_USE_POOLS,MEM_USE_POOLS_TRY_BIGGER_POOL,MEMP_USE_CUSTOM_POOLS,LWIP_ALLOW_MEM_FREE_FROM_OTHER_CONTEXT,MEMP_NUM_PBUF,MEMP_NUM_RAW_PCB,MEMP_NUM_TCP_PCB_LISTEN,MEMP_NUM_TCP_SEG,MEMP_NUM_REASSDATA,MEMP_NUM_FRAG_PBUF,MEMP_NUM_ARP_QUEUE,MEMP_NUM_IGMP_GROUP,MEMP_NUM_SYS_TIMEOUT,MEMP_NUM_NETBUF,MEMP_NUM_NETCONN,MEMP_NUM_TCPIP_MSG_API,MEMP_NUM_SELECT_CB,MEMP_NUM_TCPIP_MSG_INPKT,MEMP_NUM_NETDB,MEMP_NUM_LOCALHOSTLIST,MEMP_NUM_API_MSG,MEMP_NUM_DNS_API_MSG,MEMP_NUM_SOCKET_SETGETSOCKOPT_DATA,MEMP_NUM_NETIFAPI_MSG,LWIP_SUPPORT_CUSTOM_PBUF,PBUF_POOL_SIZE,PBUF_LINK_HLEN,PBUF_LINK_ENCAPSULATION_HLEN,PBUF_POOL_BUFSIZE,LWIP_PBUF_REF_T,LWIP_ARP,ARP_TABLE_SIZE,ARP_MAXAGE,ARP_QUEUEING,ARP_QUEUE_LEN,ETHARP_SUPPORT_VLAN,LWIP_ETHERNET,ETH_PAD_SIZE,ETHARP_SUPPORT_STATIC_ENTRIES,ETHARP_TABLE_MATCH_NETIF,LWIP_IPV4,IP_FORWARD,IP_OPTIONS_ALLOWED,IP_REASSEMBLY,IP_FRAG,IP_REASS_MAXAGE,IP_REASS_MAX_PBUFS,IP_DEFAULT_TTL,IP_SOF_BROADCAST,IP_SOF_BROADCAST_RECV,IP_FORWARD_ALLOW_TX_ON_RX_NETIF,ICMP_TTL,LWIP_BROADCAST_PING,LWIP_MULTICAST_PING,LWIP_MULTICAST_TX_OPTIONS,LWIP_RAW,RAW_TTL,DHCP_DOES_ARP_CHECK,LWIP_DHCP_BOOTP_FILE,LWIP_DHCP_GET_NTP_SRV,LWIP_DHCP_MAX_NTP_SERVERS,LWIP_DHCP_MAX_DNS_SERVERS,LWIP_AUTOIP,LWIP_DHCP_AUTOIP_COOP,LWIP_DHCP_AUTOIP_COOP_TRIES,LWIP_MIB2_CALLBACKS,DNS_TABLE_SIZE,DNS_MAX_NAME_LENGTH,DNS_MAX_SERVERS,DNS_MAX_RETRIES,DNS_DOES_NAME_CHECK,LWIP_DNS_SECURE,DNS_LOCAL_HOSTLIST,DNS_LOCAL_HOSTLIST_IS_DYNAMIC,LWIP_DNS_SUPPORT_MDNS_QUERIES,LWIP_UDPLITE,UDP_TTL,LWIP_NETBUF_RECVINFO,TCP_TTL,TCP_WND,TCP_MAXRTX,TCP_SYNMAXRTX,TCP_QUEUE_OOSEQ,LWIP_TCP_SACK_OUT,LWIP_TCP_MAX_SACK_NUM,TCP_MSS,TCP_CALCULATE_EFF_SEND_MSS,TCP_SND_BUF,TCP_SND_QUEUELEN,TCP_SNDLOWAT,TCP_SNDQUEUELOWAT,TCP_OOSEQ_MAX_BYTES,TCP_OOSEQ_BYTES_LIMIT(pcb),TCP_OOSEQ_MAX_PBUFS,TCP_OOSEQ_PBUFS_LIMIT(pcb),TCP_LISTEN_BACKLOG,TCP_DEFAULT_LISTEN_BACKLOG,TCP_OVERSIZE,LWIP_TCP_TIMESTAMPS,TCP_WND_UPDATE_THRESHOLD,LWIP_EVENT_API,LWIP_CALLBACK_API,LWIP_WND_SCALE,TCP_RCV_SCALE,LWIP_TCP_PCB_NUM_EXT_ARGS,LWIP_ALTCP,LWIP_ALTCP_TLS,LWIP_SINGLE_NETIF,LWIP_NETIF_HOSTNAME,LWIP_NETIF_API,LWIP_NETIF_STATUS_CALLBACK,LWIP_NETIF_EXT_STATUS_CALLBACK,LWIP_NETIF_LINK_CALLBACK,LWIP_NETIF_REMOVE_CALLBACK,LWIP_NETIF_HWADDRHINT,LWIP_NETIF_TX_SINGLE_PBUF,LWIP_NUM_NETIF_CLIENT_DATA,LWIP_HAVE_LOOPIF,LWIP_LOOPIF_MULTICAST,LWIP_NETIF_LOOPBACK,LWIP_LOOPBACK_MAX_PBUFS,LWIP_NETIF_LOOPBACK_MULTITHREADING,TCPIP_THREAD_NAME,TCPIP_THREAD_STACKSIZE,TCPIP_THREAD_PRIO,TCPIP_MBOX_SIZE,SLIPIF_THREAD_NAME,SLIPIF_THREAD_STACKSIZE,SLIPIF_THREAD_PRIO,DEFAULT_THREAD_NAME,DEFAULT_THREAD_STACKSIZE,DEFAULT_THREAD_PRIO,DEFAULT_RAW_RECVMBOX_SIZE,DEFAULT_UDP_RECVMBOX_SIZE,DEFAULT_TCP_RECVMBOX_SIZE,DEFAULT_ACCEPTMBOX_SIZE,LWIP_SOCKET,LWIP_COMPAT_SOCKETS,LWIP_SOCKET_OFFSET,RECV_BUFSIZE_DEFAULT,LWIP_TCP_CLOSE_TIMEOUT_MS_DEFAULT,LWIP_USE_EXTERNAL_POLARSSL,LWIP_USE_EXTERNAL_MBEDTLS,LWIP_INCLUDED_POLARSSL_MD5,LWIP_INCLUDED_POLARSSL_MD4,LWIP_INCLUDED_POLARSSL_SHA1,LWIP_INCLUDED_POLARSSL_DES,LWIP_INCLUDED_POLARSSL_ARC4,PPP_SUPPORT,PPPOE_SUPPORT,PPPOL2TP_SUPPORT,PPPOL2TP_AUTH_SUPPORT,PPPOS_SUPPORT,LWIP_PPP_API,MEMP_NUM_PPP_PCB,PPP_NUM_TIMEOUTS_PER_PCB,MEMP_NUM_PPPOS_INTERFACES,MEMP_NUM_PPPOE_INTERFACES,MEMP_NUM_PPPOL2TP_INTERFACES,MEMP_NUM_PPP_API_MSG,PPP_INPROC_IRQ_SAFE,PRINTPKT_SUPPORT,PPP_IPV4_SUPPORT,PPP_IPV6_SUPPORT,PPP_NOTIFY_PHASE,PPP_USE_PBUF_RAM,PPP_FCS_TABLE,PAP_SUPPORT,CHAP_SUPPORT,MSCHAP_SUPPORT,EAP_SUPPORT,CCP_SUPPORT,MPPE_SUPPORT,CBCP_SUPPORT,ECP_SUPPORT,DEMAND_SUPPORT,LQR_SUPPORT,PPP_SERVER,VJ_SUPPORT,PPP_MD5_RANDM,FSM_DEFTIMEOUT,FSM_DEFMAXTERMREQS,FSM_DEFMAXCONFREQS,FSM_DEFMAXNAKLOOPS,UPAP_DEFTIMEOUT,UPAP_DEFTRANSMITS,UPAP_DEFREQTIME,CHAP_DEFTIMEOUT,CHAP_DEFTRANSMITS,EAP_DEFREQTIME,EAP_DEFALLOWREQ,LCP_DEFLOOPBACKFAIL,LCP_ECHOINTERVAL,LCP_MAXECHOFAILS,PPP_MAXIDLEFLAG,PPP_MRU,PPP_DEFMRU,PPP_MAXMRU,PPP_MINMRU,PPP_NUM_TIMEOUTS,MAXNAMELEN,MAXSECRETLEN,LWIP_IPV6,IPV6_REASS_MAXAGE,LWIP_IPV6_SCOPES,LWIP_IPV6_SCOPES_DEBUG,LWIP_IPV6_NUM_ADDRESSES,LWIP_IPV6_FORWARD,LWIP_IPV6_FRAG,LWIP_IPV6_REASS,LWIP_IPV6_SEND_ROUTER_SOLICIT,LWIP_IPV6_AUTOCONFIG,LWIP_IPV6_ADDRESS_LIFETIMES,LWIP_IPV6_DUP_DETECT_ATTEMPTS,LWIP_IPV6_DHCP6,LWIP_IPV6_DHCP6_STATEFUL,LWIP_IPV6_DHCP6_STATELESS,LWIP_DHCP6_GET_NTP_SRV,LWIP_DHCP6_MAX_NTP_SERVERS,LWIP_DHCP6_MAX_DNS_SERVERS,LWIP_ICMP6,LWIP_ICMP6_DATASIZE,LWIP_ICMP6_HL,LWIP_IPV6_MLD,MEMP_NUM_MLD6_GROUP,LWIP_ND6_QUEUEING,MEMP_NUM_ND6_QUEUE,LWIP_ND6_NUM_NEIGHBORS,LWIP_ND6_NUM_DESTINATIONS,LWIP_ND6_NUM_PREFIXES,LWIP_ND6_NUM_ROUTERS,LWIP_ND6_MAX_MULTICAST_SOLICIT,LWIP_ND6_MAX_UNICAST_SOLICIT,LWIP_ND6_MAX_ANYCAST_DELAY_TIME,LWIP_ND6_MAX_NEIGHBOR_ADVERTISEMENT,LWIP_ND6_REACHABLE_TIME,LWIP_ND6_RETRANS_TIMER,LWIP_ND6_DELAY_FIRST_PROBE_TIME,LWIP_ND6_ALLOW_RA_UPDATES,LWIP_ND6_TCP_REACHABILITY_HINTS,LWIP_ND6_RDNSS_MAX_DNS_SERVERS,LWIP_HTTPD,LWIP_SNMP,SNMP_USE_NETCONN,SNMP_USE_RAW,SNMP_LWIP_MIB2,LWIP_SNMP_V3,LWIP_SNMP_V3_MBEDTLS,LWIP_SNMP_V3_CRYPTO,LWIP_SNMP_CONFIGURE_VERSIONS,LWIP_SNTP,LWIP_SMTP,LWIP_MDNS,LWIP_TFTP,LWIP_DISABLE_TCP_SANITY_CHECKS,LWIP_DISABLE_MEMP_SANITY_CHECKS,LWIP_PERF,LWIP_STATS,LWIP_STATS_DISPLAY,LINK_STATS,ETHARP_STATS,IP_STATS,IPFRAG_STATS,ICMP_STATS,IGMP_STATS,UDP_STATS,TCP_STATS,MEM_STATS,MEMP_STATS,SYS_STATS,IP6_STATS,ICMP6_STATS,IP6_FRAG_STATS,MLD6_STATS,ND6_STATS,MIB2_STATS,CHECKSUM_BY_HARDWARE,LWIP_CHECKSUM_CTRL_PER_NETIF,CHECKSUM_GEN_IP,CHECKSUM_GEN_UDP,CHECKSUM_GEN_TCP,CHECKSUM_GEN_ICMP,CHECKSUM_GEN_ICMP6,CHECKSUM_CHECK_IP,CHECKSUM_CHECK_UDP,CHECKSUM_CHECK_TCP,CHECKSUM_CHECK_ICMP,CHECKSUM_CHECK_ICMP6,LWIP_CHECKSUM_ON_COPY,LWIP_DBG_MIN_LEVEL,LWIP_DBG_TYPES_ON,ETHARP_DEBUG,NETIF_DEBUG,PBUF_DEBUG,API_LIB_DEBUG,API_MSG_DEBUG,SOCKETS_DEBUG,ICMP_DEBUG,IGMP_DEBUG,INET_DEBUG,IP_DEBUG,IP_REASS_DEBUG,RAW_DEBUG,MEM_DEBUG,MEMP_DEBUG,SYS_DEBUG,TIMERS_DEBUG,TCP_DEBUG,TCP_INPUT_DEBUG,TCP_FR_DEBUG,TCP_RTO_DEBUG,TCP_CWND_DEBUG,TCP_WND_DEBUG,TCP_OUTPUT_DEBUG,TCP_RST_DEBUG,TCP_QLEN_DEBUG,UDP_DEBUG,TCPIP_DEBUG,SLIP_DEBUG,DHCP_DEBUG,AUTOIP_DEBUG,DNS_DEBUG,PPP_DEBUG,IP6_DEBUG,DHCP6_DEBUG,HTTPD_DEBUG,HTTPD_DEBUG_TIMING,SNMP_DEBUG,SNMP_MIB_DEBUG,SNTP_DEBUG,SMTP_DEBUG,MDNS_DEBUG,TFTP_DEBUG,LWIP_TESTMODE,IP_ADDRESS,NETMASK_ADDRESS
LWIP.IPV6_REASS_MAXAGE=60
LWIP.IP_ADDRESS=010.022.247.108
LWIP.IP_DEBUG=LWIP_DBG_OFF
LWIP.IP_DEFAULT_TTL=255
LWIP.IP_FORWARD=0
LWIP.IP_FORWARD_ALLOW_TX_ON_RX_NETIF=0
LWIP.IP_FRAG=1
LWIP.IP_OPTIONS_ALLOWED=1
LWIP.IP_REASSEMBLY=1
LWIP.IP_REASS_DEBUG=LWIP_DBG_OFF
LWIP.IP_REASS_MAXAGE=15
LWIP.IP_REASS_MAX_PBUFS=10
LWIP.IP_SOF_BROADCAST=0
LWIP.IP_SOF_BROADCAST_RECV=0
LWIP.IP_STATS=0
LWIP.LCP_DEFLOOPBACKFAIL=10
LWIP.LCP_ECHOINTERVAL=0
LWIP.LCP_MAXECHOFAILS=3
LWIP.LINK_STATS=0
LWIP.LQR_SUPPORT=0
LWIP.LWIP_ALLOW_MEM_FREE_FROM_OTHER_CONTEXT=0
LWIP.LWIP_ALTCP=0
LWIP.LWIP_ALTCP_TLS=0
LWIP.LWIP_ARP=1
LWIP.LWIP_AUTOIP=0
LWIP.LWIP_BROADCAST_PING=0
LWIP.LWIP_CALLBACK_API=1
LWIP.LWIP_CHECKSUM_CTRL_PER_NETIF=0
LWIP.LWIP_CHECKSUM_ON_COPY=0
LWIP.LWIP_COMPAT_SOCKETS=1
LWIP.LWIP_DBG_MIN_LEVEL=LWIP_DBG_LEVEL_ALL
LWIP.LWIP_DBG_TYPES_ON=LWIP_DBG_ON
LWIP.LWIP_DHCP=1
LWIP.LWIP_DHCP6_GET_NTP_SRV=0
LWIP.LWIP_DHCP6_MAX_DNS_SERVERS=2
LWIP.LWIP_DHCP6_MAX_NTP_SERVERS=1
LWIP.LWIP_DHCP_AUTOIP_COOP=0
LWIP.LWIP_DHCP_AUTOIP_COOP_TRIES=9
LWIP.LWIP_DHCP_BOOTP_FILE=0
LWIP.LWIP_DHCP_GET_NTP_SRV=0
LWIP.LWIP_DHCP_MAX_DNS_SERVERS=2
LWIP.LWIP_DHCP_MAX_NTP_SERVERS=1
LWIP.LWIP_DISABLE_MEMP_SANITY_CHECKS=0
LWIP.LWIP_DISABLE_TCP_SANITY_CHECKS=0
LWIP.LWIP_DNS=0
LWIP.LWIP_DNS_SECURE=7
LWIP.LWIP_DNS_SUPPORT_MDNS_QUERIES=0
LWIP.LWIP_ETHERNET=1
LWIP.LWIP_EVENT_API=0
LWIP.LWIP_HAVE_LOOPIF=0
LWIP.LWIP_HTTPD=0
LWIP.LWIP_ICMP=1
LWIP.LWIP_ICMP6=0
LWIP.LWIP_ICMP6_DATASIZE=8
LWIP.LWIP_ICMP6_HL=255
LWIP.LWIP_IGMP=0
LWIP.LWIP_INCLUDED_POLARSSL_ARC4=0
LWIP.LWIP_INCLUDED_POLARSSL_DES=0
LWIP.LWIP_INCLUDED_POLARSSL_MD4=0
LWIP.LWIP_INCLUDED_POLARSSL_MD5=0
LWIP.LWIP_INCLUDED_POLARSSL_SHA1=0
LWIP.LWIP_IPV4=1
LWIP.LWIP_IPV6=0
LWIP.LWIP_IPV6_ADDRESS_LIFETIMES=0
LWIP.LWIP_IPV6_AUTOCONFIG=0
LWIP.LWIP_IPV6_DHCP6=0
LWIP.LWIP_IPV6_DHCP6_STATEFUL=0
LWIP.LWIP_IPV6_DHCP6_STATELESS=0
LWIP.LWIP_IPV6_DUP_DETECT_ATTEMPTS=1
LWIP.LWIP_IPV6_FORWARD=0
LWIP.LWIP_IPV6_FRAG=1
LWIP.LWIP_IPV6_MLD=0
LWIP.LWIP_IPV6_NUM_ADDRESSES=3
LWIP.LWIP_IPV6_REASS=0
LWIP.LWIP_IPV6_SCOPES=0
LWIP.LWIP_IPV6_SCOPES_DEBUG=0
LWIP.LWIP_IPV6_SEND_ROUTER_SOLICIT=1
LWIP.LWIP_LOOPBACK_MAX_PBUFS=0
LWIP.LWIP_LOOPIF_MULTICAST=0
LWIP.LWIP_MDNS=0
LWIP.LWIP_MIB2_CALLBACKS=0
LWIP.LWIP_MPU_COMPATIBLE=0
LWIP.LWIP_MULTICAST_PING=0
LWIP.LWIP_MULTICAST_TX_OPTIONS=0
LWIP.LWIP_ND6_ALLOW_RA_UPDATES=1
LWIP.LWIP_ND6_DELAY_FIRST_PROBE_TIME=5000
LWIP.LWIP_ND6_MAX_ANYCAST_DELAY_TIME=1000
LWIP.LWIP_ND6_MAX_MULTICAST_SOLICIT=3
LWIP.LWIP_ND6_MAX_NEIGHBOR_ADVERTISEMENT=3
LWIP.LWIP_ND6_MAX_UNICAST_SOLICIT=3
LWIP.LWIP_ND6_NUM_DESTINATIONS=10
LWIP.LWIP_ND6_NUM_NEIGHBORS=10
LWIP.LWIP_ND6_NUM_PREFIXES=5
LWIP.LWIP_ND6_NUM_ROUTERS=3
LWIP.LWIP_ND6_QUEUEING=0
LWIP.LWIP_ND6_RDNSS_MAX_DNS_SERVERS=0
LWIP.LWIP_ND6_REACHABLE_TIME=30000
LWIP.LWIP_ND6_RETRANS_TIMER=1000
LWIP.LWIP_ND6_TCP_REACHABILITY_HINTS=1
LWIP.LWIP_NETBUF_RECVINFO=0
LWIP.LWIP_NETIF_API=0
LWIP.LWIP_NETIF_EXT_STATUS_CALLBACK=0
LWIP.LWIP_NETIF_HOSTNAME=0
LWIP.LWIP_NETIF_HWADDRHINT=0
LWIP.LWIP_NETIF_LINK_CALLBACK=1
LWIP.LWIP_NETIF_LOOPBACK=1
LWIP.LWIP_NETIF_LOOPBACK_MULTITHREADING=0
LWIP.LWIP_NETIF_REMOVE_CALLBACK=0
LWIP.LWIP_NETIF_STATUS_CALLBACK=0
LWIP.LWIP_NETIF_TX_SINGLE_PBUF=0
LWIP.LWIP_NUM_NETIF_CLIENT_DATA=0
LWIP.LWIP_PBUF_REF_T=u8_t
LWIP.LWIP_PERF=0
LWIP.LWIP_PPP_API=0
LWIP.LWIP_RAM_HEAP_POINTER=0x30020000
LWIP.LWIP_RAW=0
LWIP.LWIP_SINGLE_NETIF=0
LWIP.LWIP_SMTP=0
LWIP.LWIP_SNMP=0
LWIP.LWIP_SNMP_CONFIGURE_VERSIONS=0
LWIP.LWIP_SNMP_V3=0
LWIP.LWIP_SNMP_V3_CRYPTO=0
LWIP.LWIP_SNMP_V3_MBEDTLS=0
LWIP.LWIP_SNTP=0
LWIP.LWIP_SOCKET=0
LWIP.LWIP_SOCKET_OFFSET=0
LWIP.LWIP_STATS=0
LWIP.LWIP_STATS_DISPLAY=0
LWIP.LWIP_SUPPORT_CUSTOM_PBUF=1
LWIP.LWIP_TCP=1
LWIP.LWIP_TCPIP_CORE_LOCKING=0
LWIP.LWIP_TCPIP_CORE_LOCKING_INPUT=0
LWIP.LWIP_TCP_CLOSE_TIMEOUT_MS_DEFAULT=20000
LWIP.LWIP_TCP_MAX_SACK_NUM=4
LWIP.LWIP_TCP_PCB_NUM_EXT_ARGS=0
LWIP.LWIP_TCP_SACK_OUT=0
LWIP.LWIP_TCP_TIMESTAMPS=0
LWIP.LWIP_TESTMODE=0
LWIP.LWIP_TFTP=0
LWIP.LWIP_TIMERS=1
LWIP.LWIP_TIMERS_CUSTOM=0
LWIP.LWIP_UDP=1
LWIP.LWIP_UDPLITE=0
LWIP.LWIP_USE_EXTERNAL_MBEDTLS=0
LWIP.LWIP_USE_EXTERNAL_POLARSSL=0
LWIP.LWIP_WND_SCALE=0
LWIP.MAXNAMELEN=256
LWIP.MAXSECRETLEN=256
LWIP.MDNS_DEBUG=LWIP_DBG_OFF
LWIP.MEMCPY(dst,src,len)=memcpy(dst,src,len)
LWIP.MEMMOVE(dst,src,len)=memmove(dst,src,len)
LWIP.MEMP_DEBUG=LWIP_DBG_OFF
LWIP.MEMP_MEM_INIT=0
LWIP.MEMP_MEM_MALLOC=0
LWIP.MEMP_NUM_API_MSG=8
LWIP.MEMP_NUM_ARP_QUEUE=30
LWIP.MEMP_NUM_DNS_API_MSG=8
LWIP.MEMP_NUM_FRAG_PBUF=15
LWIP.MEMP_NUM_IGMP_GROUP=8
LWIP.MEMP_NUM_LOCALHOSTLIST=1
LWIP.MEMP_NUM_MLD6_GROUP=4
LWIP.MEMP_NUM_ND6_QUEUE=20
LWIP.MEMP_NUM_NETBUF=2
LWIP.MEMP_NUM_NETCONN=4
LWIP.MEMP_NUM_NETDB=1
LWIP.MEMP_NUM_NETIFAPI_MSG=8
LWIP.MEMP_NUM_PBUF=16
LWIP.MEMP_NUM_PPPOE_INTERFACES=1
LWIP.MEMP_NUM_PPPOL2TP_INTERFACES=1
LWIP.MEMP_NUM_PPPOS_INTERFACES=1
LWIP.MEMP_NUM_PPP_API_MSG=5
LWIP.MEMP_NUM_PPP_PCB=1
LWIP.MEMP_NUM_RAW_PCB=4
LWIP.MEMP_NUM_REASSDATA=5
LWIP.MEMP_NUM_SELECT_CB=4
LWIP.MEMP_NUM_SOCKET_SETGETSOCKOPT_DATA=8
LWIP.MEMP_NUM_SYS_TIMEOUT=5
LWIP.MEMP_NUM_TCPIP_MSG_API=8
LWIP.MEMP_NUM_TCPIP_MSG_INPKT=8
LWIP.MEMP_NUM_TCP_PCB=5
LWIP.MEMP_NUM_TCP_PCB_LISTEN=8
LWIP.MEMP_NUM_TCP_SEG=16
LWIP.MEMP_NUM_UDP_PCB=4
LWIP.MEMP_OVERFLOW_CHECK=0
LWIP.MEMP_SANITY_CHECK=0
LWIP.MEMP_STATS=0
LWIP.MEMP_USE_CUSTOM_POOLS=0
LWIP.MEM_ALIGNMENT=4
LWIP.MEM_DEBUG=LWIP_DBG_OFF
LWIP.MEM_LIBC_MALLOC=0
LWIP.MEM_OVERFLOW_CHECK=0
LWIP.MEM_SANITY_CHECK=0
LWIP.MEM_SIZE=16360
LWIP.MEM_STATS=0
LWIP.MEM_USE_POOLS=0
LWIP.MEM_USE_POOLS_TRY_BIGGER_POOL=0
LWIP.MIB2_STATS=0
LWIP.MLD6_STATS=0
LWIP.MPPE_SUPPORT=0
LWIP.MSCHAP_SUPPORT=0
LWIP.ND6_STATS=0
LWIP.NETIF_DEBUG=LWIP_DBG_OFF
LWIP.NETMASK_ADDRESS=255.255.255.000
LWIP.NO_SYS=1
LWIP.PAP_SUPPORT=0
LWIP.PBUF_DEBUG=LWIP_DBG_OFF
LWIP.PBUF_LINK_ENCAPSULATION_HLEN=0
LWIP.PBUF_LINK_HLEN=14
LWIP.PBUF_POOL_BUFSIZE=592
LWIP.PBUF_POOL_SIZE=16
LWIP.PPPOE_SUPPORT=0
LWIP.PPPOL2TP_AUTH_SUPPORT=0
LWIP.PPPOL2TP_SUPPORT=0
LWIP.PPPOS_SUPPORT=0
LWIP.PPP_DEBUG=LWIP_DBG_OFF
LWIP.PPP_DEFMRU=1500
LWIP.PPP_FCS_TABLE=1
LWIP.PPP_INPROC_IRQ_SAFE=0
LWIP.PPP_IPV4_SUPPORT=1
LWIP.PPP_IPV6_SUPPORT=0
LWIP.PPP_MAXIDLEFLAG=100
LWIP.PPP_MAXMRU=1500
LWIP.PPP_MD5_RANDM=0
LWIP.PPP_MINMRU=128
LWIP.PPP_MRU=1500
LWIP.PPP_NOTIFY_PHASE=0
LWIP.PPP_NUM_TIMEOUTS=0
LWIP.PPP_NUM_TIMEOUTS_PER_PCB=2
LWIP.PPP_SERVER=0
LWIP.PPP_SUPPORT=0
LWIP.PPP_USE_PBUF_RAM=0
LWIP.PRINTPKT_SUPPORT=0
LWIP.RAW_DEBUG=LWIP_DBG_OFF
LWIP.RAW_TTL=255
LWIP.RECV_BUFSIZE_DEFAULT=2000000000
LWIP.SLIPIF_THREAD_NAME="slipif_loop"
LWIP.SLIPIF_THREAD_PRIO=3
LWIP.SLIPIF_THREAD_STACKSIZE=1024
LWIP.SLIP_DEBUG=LWIP_DBG_OFF
LWIP.SMEMCPY(dst,src,len)=memcpy(dst,src,len)
LWIP.SMTP_DEBUG=LWIP_DBG_OFF
LWIP.SNMP_DEBUG=LWIP_DBG_OFF
LWIP.SNMP_LWIP_MIB2=0
LWIP.SNMP_MIB_DEBUG=LWIP_DBG_OFF
LWIP.SNMP_USE_NETCONN=0
LWIP.SNMP_USE_RAW=1
LWIP.SNTP_DEBUG=LWIP_DBG_OFF
LWIP.SOCKETS_DEBUG=LWIP_DBG_OFF
LWIP.SYS_DEBUG=LWIP_DBG_OFF
LWIP.SYS_LIGHTWEIGHT_PROT=0
LWIP.SYS_STATS=0
LWIP.TCPIP_DEBUG=LWIP_DBG_OFF
LWIP.TCPIP_MBOX_SIZE=6
LWIP.TCPIP_THREAD_NAME="tcpip_thread"
LWIP.TCPIP_THREAD_PRIO=24
LWIP.TCPIP_THREAD_STACKSIZE=1024
LWIP.TCP_CALCULATE_EFF_SEND_MSS=1
LWIP.TCP_CWND_DEBUG=LWIP_DBG_OFF
LWIP.TCP_DEBUG=LWIP_DBG_OFF
LWIP.TCP_DEFAULT_LISTEN_BACKLOG=255
LWIP.TCP_FR_DEBUG=LWIP_DBG_OFF
LWIP.TCP_INPUT_DEBUG=LWIP_DBG_OFF
LWIP.TCP_LISTEN_BACKLOG=0
LWIP.TCP_MAXRTX=12
LWIP.TCP_MSS=536
LWIP.TCP_OOSEQ_BYTES_LIMIT(pcb)=0
LWIP.TCP_OOSEQ_MAX_BYTES=0
LWIP.TCP_OOSEQ_MAX_PBUFS=0
LWIP.TCP_OOSEQ_PBUFS_LIMIT(pcb)=0
LWIP.TCP_OUTPUT_DEBUG=LWIP_DBG_OFF
LWIP.TCP_OVERSIZE=TCP_MSS
LWIP.TCP_QLEN_DEBUG=LWIP_DBG_OFF
LWIP.TCP_QUEUE_OOSEQ=1
LWIP.TCP_RCV_SCALE=0
LWIP.TCP_RST_DEBUG=LWIP_DBG_OFF
LWIP.TCP_RTO_DEBUG=LWIP_DBG_OFF
LWIP.TCP_SNDLOWAT=1071
LWIP.TCP_SNDQUEUELOWAT=5
LWIP.TCP_SND_BUF=1072
LWIP.TCP_SND_QUEUELEN=9
LWIP.TCP_STATS=0
LWIP.TCP_SYNMAXRTX=6
LWIP.TCP_TTL=255
LWIP.TCP_WND=2144
LWIP.TCP_WND_DEBUG=LWIP_DBG_OFF
LWIP.TCP_WND_UPDATE_THRESHOLD=536
LWIP.TFTP_DEBUG=LWIP_DBG_OFF
LWIP.TIMERS_DEBUG=LWIP_DBG_OFF
LWIP.UDP_DEBUG=LWIP_DBG_OFF
LWIP.UDP_STATS=0
LWIP.UDP_TTL=255
LWIP.UPAP_DEFREQTIME=30
LWIP.UPAP_DEFTIMEOUT=6
LWIP.UPAP_DEFTRANSMITS=10
LWIP.VJ_SUPPORT=0
LWIP.Version=v2.1.2_Cube
LWIP0.BSP.STBoard=false
LWIP0.BSP.api=BSP_COMPONENT_DRIVER
LWIP0.BSP.component=LAN8742
LWIP0.BSP.condition=
LWIP0.BSP.instance=LAN8742
LWIP0.BSP.ip=
LWIP0.BSP.mode=
LWIP0.BSP.name=Driver_PHY
LWIP0.BSP.semaphore=S_LAN8742
LWIP0.BSP.solution=LAN8742
MMTAppRegionsCount=0
MMTConfigApplied=false
MMTSectionSuffix=
Mcu.CPN=STM32H753ZIT6
Mcu.Family=STM32H7
Mcu.IP0=CORTEX_M7
Mcu.IP1=ETH
Mcu.IP10=USART3
Mcu.IP2=LWIP
Mcu.IP3=MEMORYMAP
Mcu.IP4=NVIC
Mcu.IP5=RCC
Mcu.IP6=SPI1
Mcu.IP7=SPI2
Mcu.IP8=SYS
Mcu.IP9=TIM2
Mcu.IPNb=11
Mcu.Name=STM32H753ZITx
Mcu.Package=LQFP144
Mcu.Pin0=PC14-OSC32_IN (OSC32_IN)
Mcu.Pin1=PC15-OSC32_OUT (OSC32_OUT)
Mcu.Pin10=PA5
Mcu.Pin11=PA6
Mcu.Pin12=PA7
Mcu.Pin13=PC4
Mcu.Pin14=PC5
Mcu.Pin15=PB0
Mcu.Pin16=PB10
Mcu.Pin17=PB12
Mcu.Pin18=PB13
Mcu.Pin19=PD8
Mcu.Pin2=PH0-OSC_IN (PH0)
Mcu.Pin20=PD9
Mcu.Pin21=PD7
Mcu.Pin22=PG11
Mcu.Pin23=PG13
Mcu.Pin24=VP_LWIP_VS_Enabled
Mcu.Pin25=VP_SYS_VS_tim6
Mcu.Pin26=VP_TIM2_VS_ClockSourceINT
Mcu.Pin27=VP_MEMORYMAP_VS_MEMORYMAP
Mcu.Pin3=PH1-OSC_OUT (PH1)
Mcu.Pin4=PC1
Mcu.Pin5=PC2_C
Mcu.Pin6=PC3_C
Mcu.Pin7=PA1
Mcu.Pin8=PA2
Mcu.Pin9=PA4
Mcu.PinsNb=28
Mcu.ThirdPartyNb=0
Mcu.UserConstants=
Mcu.UserName=STM32H753ZITx
MxCube.Version=6.16.1
MxDb.Version=DB.6.0.161
NVIC.BusFault_IRQn=true\:0\:0\:false\:false\:true\:false\:false\:false
NVIC.DebugMonitor_IRQn=true\:0\:0\:false\:false\:true\:false\:false\:false
NVIC.ETH_IRQn=true\:5\:0\:false\:false\:true\:true\:true\:true
NVIC.ForceEnableDMAVector=true
NVIC.HardFault_IRQn=true\:0\:0\:false\:false\:true\:false\:false\:false
NVIC.MemoryManagement_IRQn=true\:0\:0\:false\:false\:true\:false\:false\:false
NVIC.NonMaskableInt_IRQn=true\:0\:0\:false\:false\:true\:false\:false\:false
NVIC.PendSV_IRQn=true\:15\:0\:false\:false\:false\:true\:false\:false
NVIC.PriorityGroup=NVIC_PRIORITYGROUP_4
NVIC.SPI1_IRQn=true\:5\:0\:true\:false\:true\:true\:true\:true
NVIC.SPI2_IRQn=true\:5\:0\:true\:false\:true\:true\:true\:true
NVIC.SVCall_IRQn=true\:0\:0\:false\:false\:false\:false\:false\:false
NVIC.SysTick_IRQn=true\:15\:0\:false\:false\:false\:true\:true\:false
NVIC.TIM2_IRQn=true\:0\:0\:false\:false\:true\:true\:true\:true
NVIC.TIM6_DAC_IRQn=true\:15\:0\:false\:false\:true\:false\:true\:true
NVIC.TimeBase=TIM6_DAC_IRQn
NVIC.TimeBaseIP=TIM6
NVIC.UsageFault_IRQn=true\:0\:0\:false\:false\:true\:false\:false\:false
PA1.GPIOParameters=GPIO_Speed_Default_HIGH
PA1.GPIO_Speed_Default_HIGH=GPIO_SPEED_FREQ_VERY_HIGH
PA1.Mode=RMII
PA1.Signal=ETH_REF_CLK
PA2.GPIOParameters=GPIO_Speed_Default_HIGH
PA2.GPIO_Speed_Default_HIGH=GPIO_SPEED_FREQ_VERY_HIGH
PA2.Mode=RMII
PA2.Signal=ETH_MDIO
PA4.Mode=NSS_Signal_Hard_Output
PA4.Signal=SPI1_NSS
PA5.Mode=Full_Duplex_Master
PA5.Signal=SPI1_SCK
PA6.Mode=Full_Duplex_Master
PA6.Signal=SPI1_MISO
PA7.GPIOParameters=GPIO_Speed_Default_HIGH
PA7.GPIO_Speed_Default_HIGH=GPIO_SPEED_FREQ_VERY_HIGH
PA7.Mode=RMII
PA7.Signal=ETH_CRS_DV
PB0.GPIOParameters=GPIO_Label
PB0.GPIO_Label=LED0
PB0.Locked=true
PB0.Signal=GPIO_Output
PB10.Mode=Full_Duplex_Master
PB10.Signal=SPI2_SCK
PB12.Mode=NSS_Signal_Hard_Output
PB12.Signal=SPI2_NSS
PB13.GPIOParameters=GPIO_Speed_Default_HIGH
PB13.GPIO_Speed_Default_HIGH=GPIO_SPEED_FREQ_VERY_HIGH
PB13.Mode=RMII
PB13.Signal=ETH_TXD1
PC1.GPIOParameters=GPIO_Speed_Default_HIGH
PC1.GPIO_Speed_Default_HIGH=GPIO_SPEED_FREQ_VERY_HIGH
PC1.Mode=RMII
PC1.Signal=ETH_MDC
PC14-OSC32_IN\ (OSC32_IN).Locked=true
PC14-OSC32_IN\ (OSC32_IN).Signal=RCC_OSC32_IN
PC15-OSC32_OUT\ (OSC32_OUT).Locked=true
PC15-OSC32_OUT\ (OSC32_OUT).Signal=RCC_OSC32_OUT
PC2_C.Mode=Full_Duplex_Master
PC2_C.Signal=SPI2_MISO
PC3_C.Mode=Full_Duplex_Master
PC3_C.Signal=SPI2_MOSI
PC4.GPIOParameters=GPIO_Speed_Default_HIGH
PC4.GPIO_Speed_Default_HIGH=GPIO_SPEED_FREQ_VERY_HIGH
PC4.Mode=RMII
PC4.Signal=ETH_RXD0
PC5.GPIOParameters=GPIO_Speed_Default_HIGH
PC5.GPIO_Speed_Default_HIGH=GPIO_SPEED_FREQ_VERY_HIGH
PC5.Mode=RMII
PC5.Signal=ETH_RXD1
PD7.Mode=Full_Duplex_Master
PD7.Signal=SPI1_MOSI
PD8.GPIOParameters=GPIO_Label
PD8.GPIO_Label=STLINK_RX
PD8.Locked=true
PD8.Mode=Asynchronous
PD8.Signal=USART3_TX
PD9.GPIOParameters=GPIO_Label
PD9.GPIO_Label=STLINK_TX
PD9.Locked=true
PD9.Mode=Asynchronous
PD9.Signal=USART3_RX
PG11.GPIOParameters=GPIO_Speed_Default_HIGH
PG11.GPIO_Speed_Default_HIGH=GPIO_SPEED_FREQ_VERY_HIGH
PG11.Locked=true
PG11.Mode=RMII
PG11.Signal=ETH_TX_EN
PG13.GPIOParameters=GPIO_Speed_Default_HIGH
PG13.GPIO_Speed_Default_HIGH=GPIO_SPEED_FREQ_VERY_HIGH
PG13.Locked=true
PG13.Mode=RMII
PG13.Signal=ETH_TXD0
PH0-OSC_IN\ (PH0).Locked=true
PH0-OSC_IN\ (PH0).Mode=HSE-External-Clock-Source
PH0-OSC_IN\ (PH0).Signal=RCC_OSC_IN
PH1-OSC_OUT\ (PH1).Locked=true
PH1-OSC_OUT\ (PH1).Signal=RCC_OSC_OUT
PinOutPanel.RotationAngle=0
ProjectManager.AskForMigrate=true
ProjectManager.BackupPrevious=false
ProjectManager.CompilerLinker=GCC
ProjectManager.CompilerOptimize=6
ProjectManager.ComputerToolchain=false
ProjectManager.CoupleFile=false
ProjectManager.CustomerFirmwarePackage=
ProjectManager.DefaultFWLocation=true
ProjectManager.DeletePrevious=true
ProjectManager.DeviceId=STM32H753ZITx
ProjectManager.FirmwarePackage=STM32Cube FW_H7 V1.12.1
ProjectManager.FreePins=false
ProjectManager.FreePinsContext=
ProjectManager.HalAssertFull=false
ProjectManager.HeapSize=0x400
ProjectManager.KeepUserCode=true
ProjectManager.LastFirmware=true
ProjectManager.LibraryCopy=1
ProjectManager.MainLocation=Core/Src
ProjectManager.NoMain=false
ProjectManager.PreviousToolchain=STM32CubeIDE
ProjectManager.ProjectBuild=false
ProjectManager.ProjectFileName=Lwip_bare.ioc
ProjectManager.ProjectName=Lwip_bare
ProjectManager.ProjectStructure=
ProjectManager.RegisterCallBack=
ProjectManager.StackSize=0x2000
ProjectManager.TargetToolchain=STM32CubeIDE
ProjectManager.ToolChainLocation=
ProjectManager.UAScriptAfterPath=
ProjectManager.UAScriptBeforePath=
ProjectManager.UnderRoot=true
ProjectManager.functionlistsort=1-SystemClock_Config-RCC-false-HAL-false,2-MX_GPIO_Init-GPIO-false-HAL-true,3-MX_LWIP_Init-LWIP-false-HAL-false,4-MX_SPI1_Init-SPI1-false-HAL-true,5-MX_SPI2_Init-SPI2-false-HAL-true,6-MX_USART3_UART_Init-USART3-false-HAL-true,0-MX_CORTEX_M7_Init-CORTEX_M7-false-HAL-true
RCC.ADCFreq_Value=129000000
RCC.AHB12Freq_Value=240000000
RCC.AHB4Freq_Value=240000000
RCC.APB1Freq_Value=120000000
RCC.APB2Freq_Value=120000000
RCC.APB3Freq_Value=120000000
RCC.APB4Freq_Value=120000000
RCC.AXIClockFreq_Value=240000000
RCC.CECFreq_Value=32000
RCC.CKPERFreq_Value=64000000
RCC.CortexFreq_Value=240000000
RCC.CpuClockFreq_Value=240000000
RCC.D1CPREFreq_Value=240000000
RCC.D1PPRE=RCC_APB3_DIV2
RCC.D2PPRE1=RCC_APB1_DIV2
RCC.D2PPRE2=RCC_APB2_DIV2
RCC.D3PPRE=RCC_APB4_DIV2
RCC.DFSDMACLkFreq_Value=160000000
RCC.DFSDMFreq_Value=120000000
RCC.DIVM1=4
RCC.DIVN1=30
RCC.DIVP1Freq_Value=240000000
RCC.DIVP2Freq_Value=129000000
RCC.DIVP3Freq_Value=129000000
RCC.DIVQ1=3
RCC.DIVQ1Freq_Value=160000000
RCC.DIVQ2Freq_Value=129000000
RCC.DIVQ3Freq_Value=129000000
RCC.DIVR1Freq_Value=240000000
RCC.DIVR2Freq_Value=129000000
RCC.DIVR3Freq_Value=129000000
RCC.FDCANFreq_Value=160000000
RCC.FLatency=FLASH_LATENCY_4
RCC.FMCFreq_Value=240000000
RCC.FamilyName=M
RCC.HCLK3ClockFreq_Value=240000000
RCC.HCLKFreq_Value=240000000
RCC.HRTIMFreq_Value=240000000
RCC.I2C123Freq_Value=120000000
RCC.I2C4Freq_Value=120000000
RCC.IPParameters=ADCFreq_Value,AHB12Freq_Value,AHB4Freq_Value,APB1Freq_Value,APB2Freq_Value,APB3Freq_Value,APB4Freq_Value,AXIClockFreq_Value,CECFreq_Value,CKPERFreq_Value,CortexFreq_Value,CpuClockFreq_Value,D1CPREFreq_Value,D1PPRE,D2PPRE1,D2PPRE2,D3PPRE,DFSDMACLkFreq_Value,DFSDMFreq_Value,DIVM1,DIVN1,DIVP1Freq_Value,DIVP2Freq_Value,DIVP3Freq_Value,DIVQ1,DIVQ1Freq_Value,DIVQ2Freq_Value,DIVQ3Freq_Value,DIVR1Freq_Value,DIVR2Freq_Value,DIVR3Freq_Value,FDCANFreq_Value,FLatency,FMCFreq_Value,FamilyName,HCLK3ClockFreq_Value,HCLKFreq_Value,HRTIMFreq_Value,I2C123Freq_Value,I2C4Freq_Value,LPTIM1Freq_Value,LPTIM2Freq_Value,LPTIM345Freq_Value,LPUART1Freq_Value,LTDCFreq_Value,MCO1PinFreq_Value,MCO2PinFreq_Value,PLLFRACN,PWR_Regulator_Voltage_Scale,QSPIFreq_Value,RNGFreq_Value,RTCFreq_Value,SAI1Freq_Value,SAI23Freq_Value,SAI4AFreq_Value,SAI4BFreq_Value,SDMMCFreq_Value,SPDIFRXFreq_Value,SPI123Freq_Value,SPI45Freq_Value,SPI6Freq_Value,SWPMI1Freq_Value,SYSCLKFreq_VALUE,SYSCLKSource,Tim1OutputFreq_Value,Tim2OutputFreq_Value,TraceFreq_Value,USART16Freq_Value,USART234578Freq_Value,USBFreq_Value,VCO1OutputFreq_Value,VCO2OutputFreq_Value,VCO3OutputFreq_Value,VCOInput1Freq_Value,VCOInput2Freq_Value,VCOInput3Freq_Value
RCC.LPTIM1Freq_Value=120000000
RCC.LPTIM2Freq_Value=120000000
RCC.LPTIM345Freq_Value=120000000
RCC.LPUART1Freq_Value=120000000
RCC.LTDCFreq_Value=129000000
RCC.MCO1PinFreq_Value=64000000
RCC.MCO2PinFreq_Value=240000000
RCC.PLLFRACN=0
RCC.PWR_Regulator_Voltage_Scale=PWR_REGULATOR_VOLTAGE_SCALE0
RCC.QSPIFreq_Value=240000000
RCC.RNGFreq_Value=48000000
RCC.RTCFreq_Value=32000
RCC.SAI1Freq_Value=160000000
RCC.SAI23Freq_Value=160000000
RCC.SAI4AFreq_Value=160000000
RCC.SAI4BFreq_Value=160000000
RCC.SDMMCFreq_Value=160000000
RCC.SPDIFRXFreq_Value=160000000
RCC.SPI123Freq_Value=160000000
RCC.SPI45Freq_Value=120000000
RCC.SPI6Freq_Value=120000000
RCC.SWPMI1Freq_Value=120000000
RCC.SYSCLKFreq_VALUE=240000000
RCC.SYSCLKSource=RCC_SYSCLKSOURCE_PLLCLK
RCC.Tim1OutputFreq_Value=240000000
RCC.Tim2OutputFreq_Value=240000000
RCC.TraceFreq_Value=64000000
RCC.USART16Freq_Value=120000000
RCC.USART234578Freq_Value=120000000
RCC.USBFreq_Value=160000000
RCC.VCO1OutputFreq_Value=480000000
RCC.VCO2OutputFreq_Value=258000000
RCC.VCO3OutputFreq_Value=258000000
RCC.VCOInput1Freq_Value=16000000
RCC.VCOInput2Freq_Value=2000000
RCC.VCOInput3Freq_Value=2000000
SPI1.BaudRatePrescaler=SPI_BAUDRATEPRESCALER_32
SPI1.CLKPhase=SPI_PHASE_1EDGE
SPI1.CLKPolarity=SPI_POLARITY_LOW
SPI1.CRCCalculation=SPI_CRCCALCULATION_DISABLE
SPI1.CalculateBaudRate=5.0 MBits/s
SPI1.DataSize=SPI_DATASIZE_8BIT
SPI1.Direction=SPI_DIRECTION_2LINES
SPI1.FifoThreshold=SPI_FIFO_THRESHOLD_01DATA
SPI1.FirstBit=SPI_FIRSTBIT_MSB
SPI1.IOSwap=SPI_IO_SWAP_DISABLE
SPI1.IPParameters=TIMode,DataSize,FirstBit,BaudRatePrescaler,CLKPolarity,CLKPhase,CRCCalculation,NSSPMode,NSS,FifoThreshold,TxCRCInitializationPattern,RxCRCInitializationPattern,NSSPolarity,MasterSSIdleness,MasterInterDataIdleness,MasterReceiverAutoSusp,MasterKeepIOState,IOSwap,VirtualType,Mode,Direction,VirtualNSS,CalculateBaudRate
SPI1.MasterInterDataIdleness=SPI_MASTER_INTERDATA_IDLENESS_00CYCLE
SPI1.MasterKeepIOState=SPI_MASTER_KEEP_IO_STATE_DISABLE
SPI1.MasterReceiverAutoSusp=SPI_MASTER_RX_AUTOSUSP_DISABLE
SPI1.MasterSSIdleness=SPI_MASTER_SS_IDLENESS_00CYCLE
SPI1.Mode=SPI_MODE_MASTER
SPI1.NSS=SPI_NSS_HARD_OUTPUT
SPI1.NSSPMode=SPI_NSS_PULSE_ENABLE
SPI1.NSSPolarity=SPI_NSS_POLARITY_LOW
SPI1.RxCRCInitializationPattern=SPI_CRC_INITIALIZATION_ALL_ZERO_PATTERN
SPI1.TIMode=SPI_TIMODE_DISABLE
SPI1.TxCRCInitializationPattern=SPI_CRC_INITIALIZATION_ALL_ZERO_PATTERN
SPI1.VirtualNSS=VM_NSSHARD
SPI1.VirtualType=VM_MASTER
SPI2.BaudRatePrescaler=SPI_BAUDRATEPRESCALER_32
SPI2.CLKPhase=SPI_PHASE_1EDGE
SPI2.CLKPolarity=SPI_POLARITY_LOW
SPI2.CRCCalculation=SPI_CRCCALCULATION_DISABLE
SPI2.CalculateBaudRate=5.0 MBits/s
SPI2.DataSize=SPI_DATASIZE_8BIT
SPI2.Direction=SPI_DIRECTION_2LINES
SPI2.FifoThreshold=SPI_FIFO_THRESHOLD_01DATA
SPI2.FirstBit=SPI_FIRSTBIT_MSB
SPI2.IOSwap=SPI_IO_SWAP_DISABLE
SPI2.IPParameters=TIMode,DataSize,FirstBit,BaudRatePrescaler,CLKPolarity,CLKPhase,CRCCalculation,NSSPMode,NSS,FifoThreshold,TxCRCInitializationPattern,RxCRCInitializationPattern,NSSPolarity,MasterSSIdleness,MasterInterDataIdleness,MasterReceiverAutoSusp,MasterKeepIOState,IOSwap,VirtualType,Mode,Direction,VirtualNSS,CalculateBaudRate
SPI2.MasterInterDataIdleness=SPI_MASTER_INTERDATA_IDLENESS_00CYCLE
SPI2.MasterKeepIOState=SPI_MASTER_KEEP_IO_STATE_DISABLE
SPI2.MasterReceiverAutoSusp=SPI_MASTER_RX_AUTOSUSP_DISABLE
SPI2.MasterSSIdleness=SPI_MASTER_SS_IDLENESS_00CYCLE
SPI2.Mode=SPI_MODE_MASTER
SPI2.NSS=SPI_NSS_HARD_OUTPUT
SPI2.NSSPMode=SPI_NSS_PULSE_ENABLE
SPI2.NSSPolarity=SPI_NSS_POLARITY_LOW
SPI2.RxCRCInitializationPattern=SPI_CRC_INITIALIZATION_ALL_ZERO_PATTERN
SPI2.TIMode=SPI_TIMODE_DISABLE
SPI2.TxCRCInitializationPattern=SPI_CRC_INITIALIZATION_ALL_ZERO_PATTERN
SPI2.VirtualNSS=VM_NSSHARD
SPI2.VirtualType=VM_MASTER
TIM2.IPParameters=Period
TIM2.Period=240000-1
USART3.AutoBaudRateEnableParam=UART_ADVFEATURE_AUTOBAUDRATE_DISABLE
USART3.BaudRate=115200
USART3.ClockPrescaler=PRESCALER_DIV1
USART3.DMADisableonRxErrorParam=ADVFEATURE_DMA_ENABLEONRXERROR
USART3.DataInvertParam=ADVFEATURE_DATAINV_DISABLE
USART3.FIFOMode=FIFOMODE_DISABLE
USART3.IPParameters=BaudRate,WordLength,Parity,StopBits,Mode,OverSampling,OneBitSampling,ClockPrescaler,FIFOMode,TXFIFOThreshold,RXFIFOThreshold,AutoBaudRateEnableParam,TxPinLevelInvertParam,RxPinLevelInvertParam,DataInvertParam,SwapParam,OverrunDisableParam,DMADisableonRxErrorParam,MSBFirstParam,VirtualMode-Asynchronous
USART3.MSBFirstParam=ADVFEATURE_MSBFIRST_DISABLE
USART3.Mode=MODE_TX_RX
USART3.OneBitSampling=UART_ONE_BIT_SAMPLE_DISABLE
USART3.OverSampling=UART_OVERSAMPLING_16
USART3.OverrunDisableParam=ADVFEATURE_OVERRUN_ENABLE
USART3.Parity=PARITY_NONE
USART3.RXFIFOThreshold=RXFIFO_THRESHOLD_1EIGHTHFULL
USART3.RxPinLevelInvertParam=ADVFEATURE_RXINV_DISABLE
USART3.StopBits=STOPBITS_1
USART3.SwapParam=ADVFEATURE_SWAP_DISABLE
USART3.TXFIFOThreshold=TXFIFO_THRESHOLD_1EIGHTHFULL
USART3.TxPinLevelInvertParam=ADVFEATURE_TXINV_DISABLE
USART3.VirtualMode-Asynchronous=VM_ASYNC
USART3.WordLength=WORDLENGTH_8B
VP_LWIP_VS_Enabled.Mode=Enabled
VP_LWIP_VS_Enabled.Signal=LWIP_VS_Enabled
VP_MEMORYMAP_VS_MEMORYMAP.Mode=CurAppReg
VP_MEMORYMAP_VS_MEMORYMAP.Signal=MEMORYMAP_VS_MEMORYMAP
VP_SYS_VS_tim6.Mode=TIM6
VP_SYS_VS_tim6.Signal=SYS_VS_tim6
VP_TIM2_VS_ClockSourceINT.Mode=Internal
VP_TIM2_VS_ClockSourceINT.Signal=TIM2_VS_ClockSourceINT
board=NUCLEO-H753ZI
